
Microsoft Visual Studio Solution File, Format Version 12.00
# Visual Studio Version 17
VisualStudioVersion = 17.4.33205.214
MinimumVisualStudioVersion = 10.0.40219.1
Project("{FAE04EC0-301F-11D3-BF4B-00C04F79EFBC}") = "Minesweeper_Devansh_Johnathan_Jason", "Minesweeper_Devansh_Johnathan_Jason\Minesweeper_Devansh_Johnathan_Jason.csproj", "{48522596-7F16-4B6C-852F-1BC55536AB95}"
EndProject
Global
	GlobalSection(SolutionConfigurationPlatforms) = preSolution
		Debug|Any CPU = Debug|Any CPU
		Release|Any CPU = Release|Any CPU
	EndGlobalSection
	GlobalSection(ProjectConfigurationPlatforms) = postSolution
		{48522596-7F16-4B6C-852F-1BC55536AB95}.Debug|Any CPU.ActiveCfg = Debug|Any CPU
		{48522596-7F16-4B6C-852F-1BC55536AB95}.Debug|Any CPU.Build.0 = Debug|Any CPU
		{48522596-7F16-4B6C-852F-1BC55536AB95}.Release|Any CPU.ActiveCfg = Release|Any CPU
		{48522596-7F16-4B6C-852F-1BC55536AB95}.Release|Any CPU.Build.0 = Release|Any CPU
	EndGlobalSection
	GlobalSection(SolutionProperties) = preSolution
		HideSolutionNode = FALSE
	EndGlobalSection
	GlobalSection(ExtensibilityGlobals) = postSolution
		SolutionGuid = {70AC7AAC-1173-4171-AA87-EE13A0756644}
	EndGlobalSection
EndGlobal
